<?xml version="1.0" encoding="utf-8"?>
<Project ToolsVersion="4.0" xmlns="http://schemas.microsoft.com/developer/msbuild/2003">
  <ItemGroup>
    <Filter Include="Source Files">
      <UniqueIdentifier>{4FC737F1-C7A5-4376-A066-2A32D752A2FF}</UniqueIdentifier>
      <Extensions>cpp;c;cc;cxx;def;odl;idl;hpj;bat;asm;asmx</Extensions>
    </Filter>
    <Filter Include="Header Files">
      <UniqueIdentifier>{93995380-89BD-4b04-88EB-625FBE52EBFB}</UniqueIdentifier>
      <Extensions>h;hpp;hxx;hm;inl;inc;xsd</Extensions>
    </Filter>
    <Filter Include="Resource Files">
      <UniqueIdentifier>{67DA6AB6-F800-4c08-8B7A-83BB121AAD01}</UniqueIdentifier>
      <Extensions>rc;ico;cur;bmp;dlg;rc2;rct;bin;rgs;gif;jpg;jpeg;jpe;resx;tiff;tif;png;wav;mfcribbon-ms</Extensions>
    </Filter>
  </ItemGroup>
  <ItemGroup>
<<<<<<< HEAD
    <ClCompile Include="3ds.cpp">
      <Filter>Source Files</Filter>
    </ClCompile>
    <ClCompile Include="main.cpp">
      <Filter>Source Files</Filter>
    </ClCompile>
    <ClCompile Include="TextureObjects.cpp">
=======
    <ClCompile Include="..\..\..\..\..\Desktop\Nueva carpeta\3DS Texture Loader\3ds.cpp">
      <Filter>Source Files</Filter>
    </ClCompile>
    <ClCompile Include="..\..\..\..\..\Desktop\Nueva carpeta\3DS Texture Loader\main.cpp">
      <Filter>Source Files</Filter>
    </ClCompile>
    <ClCompile Include="..\..\..\..\..\Desktop\Nueva carpeta\3DS Texture Loader\TextureObjects.cpp">
>>>>>>> 4853f868f758f67ba25370e0893659db0c9a91af
      <Filter>Source Files</Filter>
    </ClCompile>
  </ItemGroup>
  <ItemGroup>
<<<<<<< HEAD
    <ClInclude Include="3ds.h">
      <Filter>Header Files</Filter>
    </ClInclude>
    <ClInclude Include="jpeglib.h">
      <Filter>Header Files</Filter>
    </ClInclude>
    <ClInclude Include="main.h">
      <Filter>Header Files</Filter>
    </ClInclude>
    <ClInclude Include="TextureObjects.h">
=======
    <ClInclude Include="..\..\..\..\..\Desktop\Nueva carpeta\3DS Texture Loader\3ds.h">
      <Filter>Header Files</Filter>
    </ClInclude>
    <ClInclude Include="..\..\..\..\..\Desktop\Nueva carpeta\3DS Texture Loader\jpeglib.h">
      <Filter>Header Files</Filter>
    </ClInclude>
    <ClInclude Include="..\..\..\..\..\Desktop\Nueva carpeta\3DS Texture Loader\main.h">
      <Filter>Header Files</Filter>
    </ClInclude>
    <ClInclude Include="..\..\..\..\..\Desktop\Nueva carpeta\3DS Texture Loader\TextureObjects.h">
>>>>>>> 4853f868f758f67ba25370e0893659db0c9a91af
      <Filter>Header Files</Filter>
    </ClInclude>
  </ItemGroup>
  <ItemGroup>
<<<<<<< HEAD
    <None Include="main.dsp" />
    <None Include="main.dsw" />
    <None Include="main.ncb" />
    <None Include="main.opt" />
    <None Include="main.plg" />
    <None Include="firebird_fighter.3ds" />
  </ItemGroup>
  <ItemGroup>
    <Library Include="jpeg.lib" />
=======
    <None Include="..\..\..\..\..\Desktop\Nueva carpeta\3DS Texture Loader\grenade.3DS" />
    <None Include="..\..\..\..\..\Desktop\Nueva carpeta\3DS Texture Loader\main.dsp" />
    <None Include="..\..\..\..\..\Desktop\Nueva carpeta\3DS Texture Loader\main.dsw" />
    <None Include="..\..\..\..\..\Desktop\Nueva carpeta\3DS Texture Loader\main.ncb" />
    <None Include="..\..\..\..\..\Desktop\Nueva carpeta\3DS Texture Loader\main.opt" />
    <None Include="..\..\..\..\..\Desktop\Nueva carpeta\3DS Texture Loader\main.plg" />
  </ItemGroup>
  <ItemGroup>
    <Library Include="..\..\..\..\..\Desktop\Nueva carpeta\3DS Texture Loader\jpeg.lib" />
  </ItemGroup>
  <ItemGroup>
    <Image Include="..\..\..\..\..\Desktop\Nueva carpeta\3DS Texture Loader\screenshot.JPG">
      <Filter>Resource Files</Filter>
    </Image>
>>>>>>> 4853f868f758f67ba25370e0893659db0c9a91af
  </ItemGroup>
</Project>